
Microsoft Visual Studio Solution File, Format Version 12.00
Project("{2150E333-8FDC-42A3-9474-1A3956D46DE8}") = "Server", "Server", "{9D6C48A9-0249-4C81-BB66-B31A85048AD9}"
EndProject
Project("{FAE04EC0-301F-11D3-BF4B-00C04F79EFBC}") = "WebAPI", "Server\WebAPI\WebAPI.csproj", "{8B403F8F-7103-4F52-8681-266765F463B3}"
EndProject
Project("{FAE04EC0-301F-11D3-BF4B-00C04F79EFBC}") = "RepositoryContracts", "Server\RepositoryContracts\RepositoryContracts.csproj", "{8FC612E6-B4B7-48D7-A2E9-47E21C36CA16}"
EndProject
Project("{FAE04EC0-301F-11D3-BF4B-00C04F79EFBC}") = "GrpcClient", "Server\GrpcClient\GrpcClient.csproj", "{7588132C-4121-4B21-B201-A2E550B7C905}"
EndProject
Project("{2150E333-8FDC-42A3-9474-1A3956D46DE8}") = "Shared", "Shared", "{17B0C978-25F3-4BDB-B312-CC34F4761D72}"
EndProject
Project("{FAE04EC0-301F-11D3-BF4B-00C04F79EFBC}") = "APIContracts", "APIContracts\APIContracts.csproj", "{2FA93267-4E57-4875-9DBD-80B47A11A1E1}"
EndProject
Project("{FAE04EC0-301F-11D3-BF4B-00C04F79EFBC}") = "Entities", "Server\Entities\Entities.csproj", "{60D44474-06C4-47B3-9D6E-A9750BE17805}"
EndProject
Project("{FAE04EC0-301F-11D3-BF4B-00C04F79EFBC}") = "Test", "Server\Test\Test.csproj", "{0DB8A8E7-559E-43BC-97DF-2A5CBF3C4F42}"
EndProject
Project("{2150E333-8FDC-42A3-9474-1A3956D46DE8}") = "Client", "Client", "{A2C61683-664B-4885-BD79-26241DE3E6E4}"
EndProject
Project("{FAE04EC0-301F-11D3-BF4B-00C04F79EFBC}") = "BlazorApp1", "Client\BlazorApp1\BlazorApp1.csproj", "{0C7AE194-2D47-43F3-8FCE-C8C7D926E4AB}"
EndProject
Project("{FAE04EC0-301F-11D3-BF4B-00C04F79EFBC}") = "BusinessLayer", "Server\BusinessLayer\BusinessLayer.csproj", "{5CB33883-FFA6-4915-A722-1A3B5962ED34}"
EndProject
Global
	GlobalSection(SolutionConfigurationPlatforms) = preSolution
		Debug|Any CPU = Debug|Any CPU
		Release|Any CPU = Release|Any CPU
	EndGlobalSection
	GlobalSection(NestedProjects) = preSolution
		{8B403F8F-7103-4F52-8681-266765F463B3} = {9D6C48A9-0249-4C81-BB66-B31A85048AD9}
		{8FC612E6-B4B7-48D7-A2E9-47E21C36CA16} = {9D6C48A9-0249-4C81-BB66-B31A85048AD9}
		{7588132C-4121-4B21-B201-A2E550B7C905} = {9D6C48A9-0249-4C81-BB66-B31A85048AD9}
		{2FA93267-4E57-4875-9DBD-80B47A11A1E1} = {17B0C978-25F3-4BDB-B312-CC34F4761D72}
		{60D44474-06C4-47B3-9D6E-A9750BE17805} = {9D6C48A9-0249-4C81-BB66-B31A85048AD9}
		{0DB8A8E7-559E-43BC-97DF-2A5CBF3C4F42} = {9D6C48A9-0249-4C81-BB66-B31A85048AD9}
		{0C7AE194-2D47-43F3-8FCE-C8C7D926E4AB} = {A2C61683-664B-4885-BD79-26241DE3E6E4}
		{5CB33883-FFA6-4915-A722-1A3B5962ED34} = {9D6C48A9-0249-4C81-BB66-B31A85048AD9}
	EndGlobalSection
	GlobalSection(ProjectConfigurationPlatforms) = postSolution
		{8B403F8F-7103-4F52-8681-266765F463B3}.Debug|Any CPU.ActiveCfg = Debug|Any CPU
		{8B403F8F-7103-4F52-8681-266765F463B3}.Debug|Any CPU.Build.0 = Debug|Any CPU
		{8B403F8F-7103-4F52-8681-266765F463B3}.Release|Any CPU.ActiveCfg = Release|Any CPU
		{8B403F8F-7103-4F52-8681-266765F463B3}.Release|Any CPU.Build.0 = Release|Any CPU
		{8FC612E6-B4B7-48D7-A2E9-47E21C36CA16}.Debug|Any CPU.ActiveCfg = Debug|Any CPU
		{8FC612E6-B4B7-48D7-A2E9-47E21C36CA16}.Debug|Any CPU.Build.0 = Debug|Any CPU
		{8FC612E6-B4B7-48D7-A2E9-47E21C36CA16}.Release|Any CPU.ActiveCfg = Release|Any CPU
		{8FC612E6-B4B7-48D7-A2E9-47E21C36CA16}.Release|Any CPU.Build.0 = Release|Any CPU
		{7588132C-4121-4B21-B201-A2E550B7C905}.Debug|Any CPU.ActiveCfg = Debug|Any CPU
		{7588132C-4121-4B21-B201-A2E550B7C905}.Debug|Any CPU.Build.0 = Debug|Any CPU
		{7588132C-4121-4B21-B201-A2E550B7C905}.Release|Any CPU.ActiveCfg = Release|Any CPU
		{7588132C-4121-4B21-B201-A2E550B7C905}.Release|Any CPU.Build.0 = Release|Any CPU
		{2FA93267-4E57-4875-9DBD-80B47A11A1E1}.Debug|Any CPU.ActiveCfg = Debug|Any CPU
		{2FA93267-4E57-4875-9DBD-80B47A11A1E1}.Debug|Any CPU.Build.0 = Debug|Any CPU
		{2FA93267-4E57-4875-9DBD-80B47A11A1E1}.Release|Any CPU.ActiveCfg = Release|Any CPU
		{2FA93267-4E57-4875-9DBD-80B47A11A1E1}.Release|Any CPU.Build.0 = Release|Any CPU
		{60D44474-06C4-47B3-9D6E-A9750BE17805}.Debug|Any CPU.ActiveCfg = Debug|Any CPU
		{60D44474-06C4-47B3-9D6E-A9750BE17805}.Debug|Any CPU.Build.0 = Debug|Any CPU
		{60D44474-06C4-47B3-9D6E-A9750BE17805}.Release|Any CPU.ActiveCfg = Release|Any CPU
		{60D44474-06C4-47B3-9D6E-A9750BE17805}.Release|Any CPU.Build.0 = Release|Any CPU
		{0DB8A8E7-559E-43BC-97DF-2A5CBF3C4F42}.Debug|Any CPU.ActiveCfg = Debug|Any CPU
		{0DB8A8E7-559E-43BC-97DF-2A5CBF3C4F42}.Debug|Any CPU.Build.0 = Debug|Any CPU
		{0DB8A8E7-559E-43BC-97DF-2A5CBF3C4F42}.Release|Any CPU.ActiveCfg = Release|Any CPU
		{0DB8A8E7-559E-43BC-97DF-2A5CBF3C4F42}.Release|Any CPU.Build.0 = Release|Any CPU
		{0C7AE194-2D47-43F3-8FCE-C8C7D926E4AB}.Debug|Any CPU.ActiveCfg = Debug|Any CPU
		{0C7AE194-2D47-43F3-8FCE-C8C7D926E4AB}.Debug|Any CPU.Build.0 = Debug|Any CPU
		{0C7AE194-2D47-43F3-8FCE-C8C7D926E4AB}.Release|Any CPU.ActiveCfg = Release|Any CPU
		{0C7AE194-2D47-43F3-8FCE-C8C7D926E4AB}.Release|Any CPU.Build.0 = Release|Any CPU
		{5CB33883-FFA6-4915-A722-1A3B5962ED34}.Debug|Any CPU.ActiveCfg = Debug|Any CPU
		{5CB33883-FFA6-4915-A722-1A3B5962ED34}.Debug|Any CPU.Build.0 = Debug|Any CPU
		{5CB33883-FFA6-4915-A722-1A3B5962ED34}.Release|Any CPU.ActiveCfg = Release|Any CPU
		{5CB33883-FFA6-4915-A722-1A3B5962ED34}.Release|Any CPU.Build.0 = Release|Any CPU
	EndGlobalSection
EndGlobal
